
Microsoft Visual Studio Solution File, Format Version 12.00
# Visual Studio 15
VisualStudioVersion = 15.0.28307.168
MinimumVisualStudioVersion = 10.0.40219.1
Project("{FAE04EC0-301F-11D3-BF4B-00C04F79EFBC}") = "BinaryTreeBalanced", "BinaryTreeBalanced\BinaryTreeBalanced.csproj", "{D4F1326E-BD6D-498A-93F9-3FE26C3D66C0}"
EndProject
Project("{FAE04EC0-301F-11D3-BF4B-00C04F79EFBC}") = "BinaryTreeBalancedTDD", "BinaryTreeBalancedTDD\BinaryTreeBalancedTDD.csproj", "{1F55382A-6068-45E2-9015-D7E7DEE421D1}"
EndProject
Global
	GlobalSection(SolutionConfigurationPlatforms) = preSolution
		Debug|Any CPU = Debug|Any CPU
		Release|Any CPU = Release|Any CPU
	EndGlobalSection
	GlobalSection(ProjectConfigurationPlatforms) = postSolution
		{D4F1326E-BD6D-498A-93F9-3FE26C3D66C0}.Debug|Any CPU.ActiveCfg = Debug|Any CPU
		{D4F1326E-BD6D-498A-93F9-3FE26C3D66C0}.Debug|Any CPU.Build.0 = Debug|Any CPU
		{D4F1326E-BD6D-498A-93F9-3FE26C3D66C0}.Release|Any CPU.ActiveCfg = Release|Any CPU
		{D4F1326E-BD6D-498A-93F9-3FE26C3D66C0}.Release|Any CPU.Build.0 = Release|Any CPU
		{1F55382A-6068-45E2-9015-D7E7DEE421D1}.Debug|Any CPU.ActiveCfg = Debug|Any CPU
		{1F55382A-6068-45E2-9015-D7E7DEE421D1}.Debug|Any CPU.Build.0 = Debug|Any CPU
		{1F55382A-6068-45E2-9015-D7E7DEE421D1}.Release|Any CPU.ActiveCfg = Release|Any CPU
		{1F55382A-6068-45E2-9015-D7E7DEE421D1}.Release|Any CPU.Build.0 = Release|Any CPU
	EndGlobalSection
	GlobalSection(SolutionProperties) = preSolution
		HideSolutionNode = FALSE
	EndGlobalSection
	GlobalSection(ExtensibilityGlobals) = postSolution
		SolutionGuid = {EA43A823-ACDA-40EF-8116-5E4C7E4585AA}
	EndGlobalSection
EndGlobal
