
Microsoft Visual Studio Solution File, Format Version 12.00
# Visual Studio Version 17
VisualStudioVersion = 17.5.33502.453
MinimumVisualStudioVersion = 10.0.40219.1
Project("{FAE04EC0-301F-11D3-BF4B-00C04F79EFBC}") = "Threads_FizzBuzz", "Threads_FizzBuzz\Threads_FizzBuzz.csproj", "{B04678F3-D736-448E-9336-28019C56AA75}"
EndProject
Global
	GlobalSection(SolutionConfigurationPlatforms) = preSolution
		Debug|Any CPU = Debug|Any CPU
		Release|Any CPU = Release|Any CPU
	EndGlobalSection
	GlobalSection(ProjectConfigurationPlatforms) = postSolution
		{B04678F3-D736-448E-9336-28019C56AA75}.Debug|Any CPU.ActiveCfg = Debug|Any CPU
		{B04678F3-D736-448E-9336-28019C56AA75}.Debug|Any CPU.Build.0 = Debug|Any CPU
		{B04678F3-D736-448E-9336-28019C56AA75}.Release|Any CPU.ActiveCfg = Release|Any CPU
		{B04678F3-D736-448E-9336-28019C56AA75}.Release|Any CPU.Build.0 = Release|Any CPU
	EndGlobalSection
	GlobalSection(SolutionProperties) = preSolution
		HideSolutionNode = FALSE
	EndGlobalSection
	GlobalSection(ExtensibilityGlobals) = postSolution
		SolutionGuid = {FFF919B1-B731-4997-97F0-B9D7B0D1849F}
	EndGlobalSection
EndGlobal
