
Microsoft Visual Studio Solution File, Format Version 12.00
# Visual Studio 15
VisualStudioVersion = 15.0.28307.168
MinimumVisualStudioVersion = 10.0.40219.1
Project("{9A19103F-16F7-4668-BE54-9A1E7A4F7556}") = "LinkedList", "LinkedList\LinkedList.csproj", "{6D231910-AE0B-46F8-B5CB-4F71234AD8EA}"
EndProject
Project("{FAE04EC0-301F-11D3-BF4B-00C04F79EFBC}") = "LinkedListTDD", "LinkedListTDD\LinkedListTDD.csproj", "{C848888C-0B8E-40D3-83EA-CC400FF0E205}"
EndProject
Global
	GlobalSection(SolutionConfigurationPlatforms) = preSolution
		Debug|Any CPU = Debug|Any CPU
		Release|Any CPU = Release|Any CPU
	EndGlobalSection
	GlobalSection(ProjectConfigurationPlatforms) = postSolution
		{6D231910-AE0B-46F8-B5CB-4F71234AD8EA}.Debug|Any CPU.ActiveCfg = Debug|Any CPU
		{6D231910-AE0B-46F8-B5CB-4F71234AD8EA}.Debug|Any CPU.Build.0 = Debug|Any CPU
		{6D231910-AE0B-46F8-B5CB-4F71234AD8EA}.Release|Any CPU.ActiveCfg = Release|Any CPU
		{6D231910-AE0B-46F8-B5CB-4F71234AD8EA}.Release|Any CPU.Build.0 = Release|Any CPU
		{C848888C-0B8E-40D3-83EA-CC400FF0E205}.Debug|Any CPU.ActiveCfg = Debug|Any CPU
		{C848888C-0B8E-40D3-83EA-CC400FF0E205}.Debug|Any CPU.Build.0 = Debug|Any CPU
		{C848888C-0B8E-40D3-83EA-CC400FF0E205}.Release|Any CPU.ActiveCfg = Release|Any CPU
		{C848888C-0B8E-40D3-83EA-CC400FF0E205}.Release|Any CPU.Build.0 = Release|Any CPU
	EndGlobalSection
	GlobalSection(SolutionProperties) = preSolution
		HideSolutionNode = FALSE
	EndGlobalSection
	GlobalSection(ExtensibilityGlobals) = postSolution
		SolutionGuid = {39426579-05ED-4250-96CA-FBE2FDE5172C}
	EndGlobalSection
EndGlobal
