
Microsoft Visual Studio Solution File, Format Version 12.00
# Visual Studio 15
VisualStudioVersion = 15.0.28307.168
MinimumVisualStudioVersion = 10.0.40219.1
Project("{FAE04EC0-301F-11D3-BF4B-00C04F79EFBC}") = "HeightBinaryTree", "HeightBinaryTree\HeightBinaryTree.csproj", "{6A12A70F-137E-43CA-80E2-7AC7998C5098}"
EndProject
Project("{FAE04EC0-301F-11D3-BF4B-00C04F79EFBC}") = "HeightBinaryTreeTDD", "HeightBinaryTreeTDD\HeightBinaryTreeTDD.csproj", "{12284964-4620-46D6-88B2-91D8DF5C91A6}"
EndProject
Global
	GlobalSection(SolutionConfigurationPlatforms) = preSolution
		Debug|Any CPU = Debug|Any CPU
		Release|Any CPU = Release|Any CPU
	EndGlobalSection
	GlobalSection(ProjectConfigurationPlatforms) = postSolution
		{6A12A70F-137E-43CA-80E2-7AC7998C5098}.Debug|Any CPU.ActiveCfg = Debug|Any CPU
		{6A12A70F-137E-43CA-80E2-7AC7998C5098}.Debug|Any CPU.Build.0 = Debug|Any CPU
		{6A12A70F-137E-43CA-80E2-7AC7998C5098}.Release|Any CPU.ActiveCfg = Release|Any CPU
		{6A12A70F-137E-43CA-80E2-7AC7998C5098}.Release|Any CPU.Build.0 = Release|Any CPU
		{12284964-4620-46D6-88B2-91D8DF5C91A6}.Debug|Any CPU.ActiveCfg = Debug|Any CPU
		{12284964-4620-46D6-88B2-91D8DF5C91A6}.Debug|Any CPU.Build.0 = Debug|Any CPU
		{12284964-4620-46D6-88B2-91D8DF5C91A6}.Release|Any CPU.ActiveCfg = Release|Any CPU
		{12284964-4620-46D6-88B2-91D8DF5C91A6}.Release|Any CPU.Build.0 = Release|Any CPU
	EndGlobalSection
	GlobalSection(SolutionProperties) = preSolution
		HideSolutionNode = FALSE
	EndGlobalSection
	GlobalSection(ExtensibilityGlobals) = postSolution
		SolutionGuid = {2BF0A596-8AB0-403E-AC5D-82490C3CCDCA}
	EndGlobalSection
EndGlobal
