
Microsoft Visual Studio Solution File, Format Version 12.00
# Visual Studio 15
VisualStudioVersion = 15.0.28307.168
MinimumVisualStudioVersion = 10.0.40219.1
Project("{FAE04EC0-301F-11D3-BF4B-00C04F79EFBC}") = "HashTables", "HashTables\HashTables.csproj", "{DE40D6E6-95FE-4BBA-AB8D-A3053AAC626B}"
EndProject
Project("{FAE04EC0-301F-11D3-BF4B-00C04F79EFBC}") = "HashTablesTDD", "HashTablesTDD\HashTablesTDD.csproj", "{C275F7ED-7851-4FE3-A20B-83649217A336}"
EndProject
Global
	GlobalSection(SolutionConfigurationPlatforms) = preSolution
		Debug|Any CPU = Debug|Any CPU
		Release|Any CPU = Release|Any CPU
	EndGlobalSection
	GlobalSection(ProjectConfigurationPlatforms) = postSolution
		{DE40D6E6-95FE-4BBA-AB8D-A3053AAC626B}.Debug|Any CPU.ActiveCfg = Debug|Any CPU
		{DE40D6E6-95FE-4BBA-AB8D-A3053AAC626B}.Debug|Any CPU.Build.0 = Debug|Any CPU
		{DE40D6E6-95FE-4BBA-AB8D-A3053AAC626B}.Release|Any CPU.ActiveCfg = Release|Any CPU
		{DE40D6E6-95FE-4BBA-AB8D-A3053AAC626B}.Release|Any CPU.Build.0 = Release|Any CPU
		{C275F7ED-7851-4FE3-A20B-83649217A336}.Debug|Any CPU.ActiveCfg = Debug|Any CPU
		{C275F7ED-7851-4FE3-A20B-83649217A336}.Debug|Any CPU.Build.0 = Debug|Any CPU
		{C275F7ED-7851-4FE3-A20B-83649217A336}.Release|Any CPU.ActiveCfg = Release|Any CPU
		{C275F7ED-7851-4FE3-A20B-83649217A336}.Release|Any CPU.Build.0 = Release|Any CPU
	EndGlobalSection
	GlobalSection(SolutionProperties) = preSolution
		HideSolutionNode = FALSE
	EndGlobalSection
	GlobalSection(ExtensibilityGlobals) = postSolution
		SolutionGuid = {BC6C97D6-FAF7-401C-A2E9-7DD1CF9168CC}
	EndGlobalSection
EndGlobal
