
Microsoft Visual Studio Solution File, Format Version 12.00
# Visual Studio 15
VisualStudioVersion = 15.0.28307.168
MinimumVisualStudioVersion = 10.0.40219.1
Project("{FAE04EC0-301F-11D3-BF4B-00C04F79EFBC}") = "FindMaxValueBinaryTree", "FindMaxValueBinaryTree\FindMaxValueBinaryTree.csproj", "{3B6F254F-CED1-47FF-A6EF-028907D98C50}"
EndProject
Project("{FAE04EC0-301F-11D3-BF4B-00C04F79EFBC}") = "FindMaxTDD", "FindMaxTDD\FindMaxTDD.csproj", "{C1D4372C-8976-489F-BDF6-10D551619380}"
EndProject
Global
	GlobalSection(SolutionConfigurationPlatforms) = preSolution
		Debug|Any CPU = Debug|Any CPU
		Release|Any CPU = Release|Any CPU
	EndGlobalSection
	GlobalSection(ProjectConfigurationPlatforms) = postSolution
		{3B6F254F-CED1-47FF-A6EF-028907D98C50}.Debug|Any CPU.ActiveCfg = Debug|Any CPU
		{3B6F254F-CED1-47FF-A6EF-028907D98C50}.Debug|Any CPU.Build.0 = Debug|Any CPU
		{3B6F254F-CED1-47FF-A6EF-028907D98C50}.Release|Any CPU.ActiveCfg = Release|Any CPU
		{3B6F254F-CED1-47FF-A6EF-028907D98C50}.Release|Any CPU.Build.0 = Release|Any CPU
		{C1D4372C-8976-489F-BDF6-10D551619380}.Debug|Any CPU.ActiveCfg = Debug|Any CPU
		{C1D4372C-8976-489F-BDF6-10D551619380}.Debug|Any CPU.Build.0 = Debug|Any CPU
		{C1D4372C-8976-489F-BDF6-10D551619380}.Release|Any CPU.ActiveCfg = Release|Any CPU
		{C1D4372C-8976-489F-BDF6-10D551619380}.Release|Any CPU.Build.0 = Release|Any CPU
	EndGlobalSection
	GlobalSection(SolutionProperties) = preSolution
		HideSolutionNode = FALSE
	EndGlobalSection
	GlobalSection(ExtensibilityGlobals) = postSolution
		SolutionGuid = {2C4D3AEA-BF41-4CFB-B08C-9648762CEF03}
	EndGlobalSection
EndGlobal
