
Microsoft Visual Studio Solution File, Format Version 12.00
# Visual Studio 15
VisualStudioVersion = 15.0.28307.168
MinimumVisualStudioVersion = 10.0.40219.1
Project("{FAE04EC0-301F-11D3-BF4B-00C04F79EFBC}") = "LLKthValue", "LLKthValue\LLKthValue.csproj", "{C07AB0BC-CA31-48C4-84C6-B35572DAB0E1}"
EndProject
Project("{FAE04EC0-301F-11D3-BF4B-00C04F79EFBC}") = "LLKthValueTDD", "LLKthValueTDD\LLKthValueTDD.csproj", "{307422BD-9367-47B7-B572-0CCB3E535DC3}"
EndProject
Global
	GlobalSection(SolutionConfigurationPlatforms) = preSolution
		Debug|Any CPU = Debug|Any CPU
		Release|Any CPU = Release|Any CPU
	EndGlobalSection
	GlobalSection(ProjectConfigurationPlatforms) = postSolution
		{C07AB0BC-CA31-48C4-84C6-B35572DAB0E1}.Debug|Any CPU.ActiveCfg = Debug|Any CPU
		{C07AB0BC-CA31-48C4-84C6-B35572DAB0E1}.Debug|Any CPU.Build.0 = Debug|Any CPU
		{C07AB0BC-CA31-48C4-84C6-B35572DAB0E1}.Release|Any CPU.ActiveCfg = Release|Any CPU
		{C07AB0BC-CA31-48C4-84C6-B35572DAB0E1}.Release|Any CPU.Build.0 = Release|Any CPU
		{307422BD-9367-47B7-B572-0CCB3E535DC3}.Debug|Any CPU.ActiveCfg = Debug|Any CPU
		{307422BD-9367-47B7-B572-0CCB3E535DC3}.Debug|Any CPU.Build.0 = Debug|Any CPU
		{307422BD-9367-47B7-B572-0CCB3E535DC3}.Release|Any CPU.ActiveCfg = Release|Any CPU
		{307422BD-9367-47B7-B572-0CCB3E535DC3}.Release|Any CPU.Build.0 = Release|Any CPU
	EndGlobalSection
	GlobalSection(SolutionProperties) = preSolution
		HideSolutionNode = FALSE
	EndGlobalSection
	GlobalSection(ExtensibilityGlobals) = postSolution
		SolutionGuid = {FCB7F2C4-EB65-4AA4-A673-87E135B66300}
	EndGlobalSection
EndGlobal
