
Microsoft Visual Studio Solution File, Format Version 12.00
# Visual Studio 15
VisualStudioVersion = 15.0.28307.168
MinimumVisualStudioVersion = 10.0.40219.1
Project("{FAE04EC0-301F-11D3-BF4B-00C04F79EFBC}") = "LeafsBoolTwoTrees", "LeafsBoolTwoTrees\LeafsBoolTwoTrees.csproj", "{DA55243F-E383-4167-8AFD-91B63E92CBB8}"
EndProject
Project("{FAE04EC0-301F-11D3-BF4B-00C04F79EFBC}") = "LeafsBoolTwoTreesTDD", "LeafsBoolTwoTreesTDD\LeafsBoolTwoTreesTDD.csproj", "{1B233488-3B8B-4DA1-8F09-8E2BC85A8791}"
EndProject
Global
	GlobalSection(SolutionConfigurationPlatforms) = preSolution
		Debug|Any CPU = Debug|Any CPU
		Release|Any CPU = Release|Any CPU
	EndGlobalSection
	GlobalSection(ProjectConfigurationPlatforms) = postSolution
		{DA55243F-E383-4167-8AFD-91B63E92CBB8}.Debug|Any CPU.ActiveCfg = Debug|Any CPU
		{DA55243F-E383-4167-8AFD-91B63E92CBB8}.Debug|Any CPU.Build.0 = Debug|Any CPU
		{DA55243F-E383-4167-8AFD-91B63E92CBB8}.Release|Any CPU.ActiveCfg = Release|Any CPU
		{DA55243F-E383-4167-8AFD-91B63E92CBB8}.Release|Any CPU.Build.0 = Release|Any CPU
		{1B233488-3B8B-4DA1-8F09-8E2BC85A8791}.Debug|Any CPU.ActiveCfg = Debug|Any CPU
		{1B233488-3B8B-4DA1-8F09-8E2BC85A8791}.Debug|Any CPU.Build.0 = Debug|Any CPU
		{1B233488-3B8B-4DA1-8F09-8E2BC85A8791}.Release|Any CPU.ActiveCfg = Release|Any CPU
		{1B233488-3B8B-4DA1-8F09-8E2BC85A8791}.Release|Any CPU.Build.0 = Release|Any CPU
	EndGlobalSection
	GlobalSection(SolutionProperties) = preSolution
		HideSolutionNode = FALSE
	EndGlobalSection
	GlobalSection(ExtensibilityGlobals) = postSolution
		SolutionGuid = {68A2B162-AA83-4BDA-9016-876788A70F32}
	EndGlobalSection
EndGlobal
