
Microsoft Visual Studio Solution File, Format Version 12.00
# Visual Studio 15
VisualStudioVersion = 15.0.28307.168
MinimumVisualStudioVersion = 10.0.40219.1
Project("{FAE04EC0-301F-11D3-BF4B-00C04F79EFBC}") = "InsertionSort", "InsertionSort\InsertionSort.csproj", "{6F048599-1E54-4E07-9C38-5532038CD07E}"
EndProject
Project("{FAE04EC0-301F-11D3-BF4B-00C04F79EFBC}") = "InsertionSortTDD", "InsertionSortTDD\InsertionSortTDD.csproj", "{7F160065-81C9-42B4-B7E5-3195E22E2171}"
EndProject
Global
	GlobalSection(SolutionConfigurationPlatforms) = preSolution
		Debug|Any CPU = Debug|Any CPU
		Release|Any CPU = Release|Any CPU
	EndGlobalSection
	GlobalSection(ProjectConfigurationPlatforms) = postSolution
		{6F048599-1E54-4E07-9C38-5532038CD07E}.Debug|Any CPU.ActiveCfg = Debug|Any CPU
		{6F048599-1E54-4E07-9C38-5532038CD07E}.Debug|Any CPU.Build.0 = Debug|Any CPU
		{6F048599-1E54-4E07-9C38-5532038CD07E}.Release|Any CPU.ActiveCfg = Release|Any CPU
		{6F048599-1E54-4E07-9C38-5532038CD07E}.Release|Any CPU.Build.0 = Release|Any CPU
		{7F160065-81C9-42B4-B7E5-3195E22E2171}.Debug|Any CPU.ActiveCfg = Debug|Any CPU
		{7F160065-81C9-42B4-B7E5-3195E22E2171}.Debug|Any CPU.Build.0 = Debug|Any CPU
		{7F160065-81C9-42B4-B7E5-3195E22E2171}.Release|Any CPU.ActiveCfg = Release|Any CPU
		{7F160065-81C9-42B4-B7E5-3195E22E2171}.Release|Any CPU.Build.0 = Release|Any CPU
	EndGlobalSection
	GlobalSection(SolutionProperties) = preSolution
		HideSolutionNode = FALSE
	EndGlobalSection
	GlobalSection(ExtensibilityGlobals) = postSolution
		SolutionGuid = {E8F55095-8EE3-419F-B2E9-5572EB97C2AE}
	EndGlobalSection
EndGlobal
