
Microsoft Visual Studio Solution File, Format Version 12.00
# Visual Studio 15
VisualStudioVersion = 15.0.28307.168
MinimumVisualStudioVersion = 10.0.40219.1
Project("{FAE04EC0-301F-11D3-BF4B-00C04F79EFBC}") = "ArrayShift", "ArrayShift\ArrayShift.csproj", "{1ADE8234-69A7-4BB8-A1BA-D6CF6723F06C}"
EndProject
Project("{FAE04EC0-301F-11D3-BF4B-00C04F79EFBC}") = "CodeChallenge02TDD", "CodeChallenge02TDD\CodeChallenge02TDD.csproj", "{E8603109-3EBC-4AA7-933A-ED4AC20FC86B}"
EndProject
Global
	GlobalSection(SolutionConfigurationPlatforms) = preSolution
		Debug|Any CPU = Debug|Any CPU
		Release|Any CPU = Release|Any CPU
	EndGlobalSection
	GlobalSection(ProjectConfigurationPlatforms) = postSolution
		{1ADE8234-69A7-4BB8-A1BA-D6CF6723F06C}.Debug|Any CPU.ActiveCfg = Debug|Any CPU
		{1ADE8234-69A7-4BB8-A1BA-D6CF6723F06C}.Debug|Any CPU.Build.0 = Debug|Any CPU
		{1ADE8234-69A7-4BB8-A1BA-D6CF6723F06C}.Release|Any CPU.ActiveCfg = Release|Any CPU
		{1ADE8234-69A7-4BB8-A1BA-D6CF6723F06C}.Release|Any CPU.Build.0 = Release|Any CPU
		{E8603109-3EBC-4AA7-933A-ED4AC20FC86B}.Debug|Any CPU.ActiveCfg = Debug|Any CPU
		{E8603109-3EBC-4AA7-933A-ED4AC20FC86B}.Debug|Any CPU.Build.0 = Debug|Any CPU
		{E8603109-3EBC-4AA7-933A-ED4AC20FC86B}.Release|Any CPU.ActiveCfg = Release|Any CPU
		{E8603109-3EBC-4AA7-933A-ED4AC20FC86B}.Release|Any CPU.Build.0 = Release|Any CPU
	EndGlobalSection
	GlobalSection(SolutionProperties) = preSolution
		HideSolutionNode = FALSE
	EndGlobalSection
	GlobalSection(ExtensibilityGlobals) = postSolution
		SolutionGuid = {A02EE8E3-44BF-44CC-BE52-833297D75205}
	EndGlobalSection
EndGlobal
