
Microsoft Visual Studio Solution File, Format Version 12.00
# Visual Studio 15
Project("{FAE04EC0-301F-11D3-BF4B-00C04F79EFBC}") = "Factorials", "Factorials\Factorials.csproj", "{0B986037-17FA-46B7-BD81-C3170F3D95B9}"
EndProject
Global
	GlobalSection(SolutionConfigurationPlatforms) = preSolution
		Debug|Any CPU = Debug|Any CPU
		Release|Any CPU = Release|Any CPU
	EndGlobalSection
	GlobalSection(ProjectConfigurationPlatforms) = postSolution
		{0B986037-17FA-46B7-BD81-C3170F3D95B9}.Debug|Any CPU.ActiveCfg = Debug|Any CPU
		{0B986037-17FA-46B7-BD81-C3170F3D95B9}.Debug|Any CPU.Build.0 = Debug|Any CPU
		{0B986037-17FA-46B7-BD81-C3170F3D95B9}.Release|Any CPU.ActiveCfg = Release|Any CPU
		{0B986037-17FA-46B7-BD81-C3170F3D95B9}.Release|Any CPU.Build.0 = Release|Any CPU
	EndGlobalSection
EndGlobal
