
Microsoft Visual Studio Solution File, Format Version 12.00
# Visual Studio 15
Project("{FAE04EC0-301F-11D3-BF4B-00C04F79EFBC}") = "BribeQueueLine", "BribeQueueLine\BribeQueueLine.csproj", "{CA0DFCA0-4B8A-446A-8A51-3C4B1A4B6072}"
EndProject
Global
	GlobalSection(SolutionConfigurationPlatforms) = preSolution
		Debug|Any CPU = Debug|Any CPU
		Release|Any CPU = Release|Any CPU
	EndGlobalSection
	GlobalSection(ProjectConfigurationPlatforms) = postSolution
		{CA0DFCA0-4B8A-446A-8A51-3C4B1A4B6072}.Debug|Any CPU.ActiveCfg = Debug|Any CPU
		{CA0DFCA0-4B8A-446A-8A51-3C4B1A4B6072}.Debug|Any CPU.Build.0 = Debug|Any CPU
		{CA0DFCA0-4B8A-446A-8A51-3C4B1A4B6072}.Release|Any CPU.ActiveCfg = Release|Any CPU
		{CA0DFCA0-4B8A-446A-8A51-3C4B1A4B6072}.Release|Any CPU.Build.0 = Release|Any CPU
	EndGlobalSection
EndGlobal
