
Microsoft Visual Studio Solution File, Format Version 12.00
# Visual Studio Version 17
VisualStudioVersion = 17.5.002.0
MinimumVisualStudioVersion = 10.0.40219.1
Project("{9A19103F-16F7-4668-BE54-9A1E7A4F7556}") = "BST_RangeInclusive", "BST_RangeInclusive.csproj", "{D2DEF776-B383-415E-AEC4-127A0A95EA2C}"
EndProject
Global
	GlobalSection(SolutionConfigurationPlatforms) = preSolution
		Debug|Any CPU = Debug|Any CPU
		Release|Any CPU = Release|Any CPU
	EndGlobalSection
	GlobalSection(ProjectConfigurationPlatforms) = postSolution
		{D2DEF776-B383-415E-AEC4-127A0A95EA2C}.Debug|Any CPU.ActiveCfg = Debug|Any CPU
		{D2DEF776-B383-415E-AEC4-127A0A95EA2C}.Debug|Any CPU.Build.0 = Debug|Any CPU
		{D2DEF776-B383-415E-AEC4-127A0A95EA2C}.Release|Any CPU.ActiveCfg = Release|Any CPU
		{D2DEF776-B383-415E-AEC4-127A0A95EA2C}.Release|Any CPU.Build.0 = Release|Any CPU
	EndGlobalSection
	GlobalSection(SolutionProperties) = preSolution
		HideSolutionNode = FALSE
	EndGlobalSection
	GlobalSection(ExtensibilityGlobals) = postSolution
		SolutionGuid = {504EC1A6-D112-476C-9BB7-8A0D933A2392}
	EndGlobalSection
EndGlobal
